
Microsoft Visual Studio Solution File, Format Version 12.00
# Visual Studio Version 17
VisualStudioVersion = 17.11.35303.130
MinimumVisualStudioVersion = 10.0.40219.1
Project("{FAE04EC0-301F-11D3-BF4B-00C04F79EFBC}") = "GitTestRepo", "GitTestRepo\GitTestRepo.csproj", "{04AE5DBB-51CC-412D-AD88-2CAECF017BBE}"
EndProject
Global
	GlobalSection(SolutionConfigurationPlatforms) = preSolution
		Debug|Any CPU = Debug|Any CPU
		Release|Any CPU = Release|Any CPU
	EndGlobalSection
	GlobalSection(ProjectConfigurationPlatforms) = postSolution
		{04AE5DBB-51CC-412D-AD88-2CAECF017BBE}.Debug|Any CPU.ActiveCfg = Debug|Any CPU
		{04AE5DBB-51CC-412D-AD88-2CAECF017BBE}.Debug|Any CPU.Build.0 = Debug|Any CPU
		{04AE5DBB-51CC-412D-AD88-2CAECF017BBE}.Release|Any CPU.ActiveCfg = Release|Any CPU
		{04AE5DBB-51CC-412D-AD88-2CAECF017BBE}.Release|Any CPU.Build.0 = Release|Any CPU
	EndGlobalSection
	GlobalSection(SolutionProperties) = preSolution
		HideSolutionNode = FALSE
	EndGlobalSection
	GlobalSection(ExtensibilityGlobals) = postSolution
		SolutionGuid = {0665029C-80FD-44CF-B7CC-35DEB2F9E988}
	EndGlobalSection
EndGlobal
